
Microsoft Visual Studio Solution File, Format Version 12.00
# Visual Studio Version 17
VisualStudioVersion = 17.13.35919.96 d17.13
MinimumVisualStudioVersion = 10.0.40219.1
Project("{FAE04EC0-301F-11D3-BF4B-00C04F79EFBC}") = "Assigment3.3SecondAtempt", "Assigment3.3SecondAtempt.csproj", "{066E2198-A219-4285-A2FE-0898C1E7561E}"
EndProject
Global
	GlobalSection(SolutionConfigurationPlatforms) = preSolution
		Debug|Any CPU = Debug|Any CPU
		Release|Any CPU = Release|Any CPU
	EndGlobalSection
	GlobalSection(ProjectConfigurationPlatforms) = postSolution
		{066E2198-A219-4285-A2FE-0898C1E7561E}.Debug|Any CPU.ActiveCfg = Debug|Any CPU
		{066E2198-A219-4285-A2FE-0898C1E7561E}.Debug|Any CPU.Build.0 = Debug|Any CPU
		{066E2198-A219-4285-A2FE-0898C1E7561E}.Release|Any CPU.ActiveCfg = Release|Any CPU
		{066E2198-A219-4285-A2FE-0898C1E7561E}.Release|Any CPU.Build.0 = Release|Any CPU
	EndGlobalSection
	GlobalSection(SolutionProperties) = preSolution
		HideSolutionNode = FALSE
	EndGlobalSection
	GlobalSection(ExtensibilityGlobals) = postSolution
		SolutionGuid = {E1828716-1886-4891-A012-A0D7F9E4A990}
	EndGlobalSection
EndGlobal
