
Microsoft Visual Studio Solution File, Format Version 12.00
# Visual Studio Version 17
VisualStudioVersion = 17.13.35919.96 d17.13
MinimumVisualStudioVersion = 10.0.40219.1
Project("{FAE04EC0-301F-11D3-BF4B-00C04F79EFBC}") = "Assigment1.1", "Assigment1.1.csproj", "{B9EFDC94-AFAE-4A71-8AD5-7179E5847ABE}"
EndProject
Global
	GlobalSection(SolutionConfigurationPlatforms) = preSolution
		Debug|Any CPU = Debug|Any CPU
		Release|Any CPU = Release|Any CPU
	EndGlobalSection
	GlobalSection(ProjectConfigurationPlatforms) = postSolution
		{B9EFDC94-AFAE-4A71-8AD5-7179E5847ABE}.Debug|Any CPU.ActiveCfg = Debug|Any CPU
		{B9EFDC94-AFAE-4A71-8AD5-7179E5847ABE}.Debug|Any CPU.Build.0 = Debug|Any CPU
		{B9EFDC94-AFAE-4A71-8AD5-7179E5847ABE}.Release|Any CPU.ActiveCfg = Release|Any CPU
		{B9EFDC94-AFAE-4A71-8AD5-7179E5847ABE}.Release|Any CPU.Build.0 = Release|Any CPU
	EndGlobalSection
	GlobalSection(SolutionProperties) = preSolution
		HideSolutionNode = FALSE
	EndGlobalSection
	GlobalSection(ExtensibilityGlobals) = postSolution
		SolutionGuid = {CBF67C63-71DB-4C45-8FA9-EA61B525557F}
	EndGlobalSection
EndGlobal
