
Microsoft Visual Studio Solution File, Format Version 12.00
# Visual Studio Version 17
VisualStudioVersion = 17.13.35919.96 d17.13
MinimumVisualStudioVersion = 10.0.40219.1
Project("{FAE04EC0-301F-11D3-BF4B-00C04F79EFBC}") = "CoffeShop", "CoffeShop.csproj", "{057F507A-A547-4458-82F9-A770786280BB}"
EndProject
Global
	GlobalSection(SolutionConfigurationPlatforms) = preSolution
		Debug|Any CPU = Debug|Any CPU
		Release|Any CPU = Release|Any CPU
	EndGlobalSection
	GlobalSection(ProjectConfigurationPlatforms) = postSolution
		{057F507A-A547-4458-82F9-A770786280BB}.Debug|Any CPU.ActiveCfg = Debug|Any CPU
		{057F507A-A547-4458-82F9-A770786280BB}.Debug|Any CPU.Build.0 = Debug|Any CPU
		{057F507A-A547-4458-82F9-A770786280BB}.Release|Any CPU.ActiveCfg = Release|Any CPU
		{057F507A-A547-4458-82F9-A770786280BB}.Release|Any CPU.Build.0 = Release|Any CPU
	EndGlobalSection
	GlobalSection(SolutionProperties) = preSolution
		HideSolutionNode = FALSE
	EndGlobalSection
	GlobalSection(ExtensibilityGlobals) = postSolution
		SolutionGuid = {CC130A9E-01E5-48F1-A289-4AD674815696}
	EndGlobalSection
EndGlobal
