
Microsoft Visual Studio Solution File, Format Version 12.00
# Visual Studio Version 17
VisualStudioVersion = 17.13.35919.96 d17.13
MinimumVisualStudioVersion = 10.0.40219.1
Project("{FAE04EC0-301F-11D3-BF4B-00C04F79EFBC}") = "Calculator", "Calculator.csproj", "{7F403C48-EAF7-4EE7-801C-E8BAD8668F90}"
EndProject
Project("{FAE04EC0-301F-11D3-BF4B-00C04F79EFBC}") = "Assignments4.3", "..\Assignments4.3\Assignments4.3.csproj", "{9DC6F933-E5F8-46B6-A664-2F0C4EDDA94F}"
EndProject
Global
	GlobalSection(SolutionConfigurationPlatforms) = preSolution
		Debug|Any CPU = Debug|Any CPU
		Release|Any CPU = Release|Any CPU
	EndGlobalSection
	GlobalSection(ProjectConfigurationPlatforms) = postSolution
		{7F403C48-EAF7-4EE7-801C-E8BAD8668F90}.Debug|Any CPU.ActiveCfg = Debug|Any CPU
		{7F403C48-EAF7-4EE7-801C-E8BAD8668F90}.Debug|Any CPU.Build.0 = Debug|Any CPU
		{7F403C48-EAF7-4EE7-801C-E8BAD8668F90}.Release|Any CPU.ActiveCfg = Release|Any CPU
		{7F403C48-EAF7-4EE7-801C-E8BAD8668F90}.Release|Any CPU.Build.0 = Release|Any CPU
		{9DC6F933-E5F8-46B6-A664-2F0C4EDDA94F}.Debug|Any CPU.ActiveCfg = Debug|Any CPU
		{9DC6F933-E5F8-46B6-A664-2F0C4EDDA94F}.Debug|Any CPU.Build.0 = Debug|Any CPU
		{9DC6F933-E5F8-46B6-A664-2F0C4EDDA94F}.Release|Any CPU.ActiveCfg = Release|Any CPU
		{9DC6F933-E5F8-46B6-A664-2F0C4EDDA94F}.Release|Any CPU.Build.0 = Release|Any CPU
	EndGlobalSection
	GlobalSection(SolutionProperties) = preSolution
		HideSolutionNode = FALSE
	EndGlobalSection
	GlobalSection(ExtensibilityGlobals) = postSolution
		SolutionGuid = {F394A49E-DF73-4763-AF12-77D3654F86E8}
	EndGlobalSection
EndGlobal
